// !$*UTF8*$!
{
	archiveVersion = 1;
	classes = {
	};
	objectVersion = 46;
	objects = {

/* Begin PBXBuildFile section */
		0F3474311C9C505E00F9B136 /* ProductsTableViewController.swift in Sources */ = {isa = PBXBuildFile; fileRef = 0F3474301C9C505E00F9B136 /* ProductsTableViewController.swift */; };
		0F3474331C9C7CE800F9B136 /* Product.swift in Sources */ = {isa = PBXBuildFile; fileRef = 0F3474321C9C7CE800F9B136 /* Product.swift */; };
		0FC599431C98A2D900522130 /* ProductViewController.swift in Sources */ = {isa = PBXBuildFile; fileRef = 0FC599421C98A2D900522130 /* ProductViewController.swift */; };
		0FC599451C98AD2100522130 /* ContactViewController.swift in Sources */ = {isa = PBXBuildFile; fileRef = 0FC599441C98AD2100522130 /* ContactViewController.swift */; };
		0FCF67251C928344002496C5 /* AppDelegate.swift in Sources */ = {isa = PBXBuildFile; fileRef = 0FCF67241C928344002496C5 /* AppDelegate.swift */; };
		0FCF672A1C928344002496C5 /* Main.storyboard in Resources */ = {isa = PBXBuildFile; fileRef = 0FCF67281C928344002496C5 /* Main.storyboard */; };
		0FCF672C1C928344002496C5 /* Assets.xcassets in Resources */ = {isa = PBXBuildFile; fileRef = 0FCF672B1C928344002496C5 /* Assets.xcassets */; };
		0FCF672F1C928344002496C5 /* LaunchScreen.storyboard in Resources */ = {isa = PBXBuildFile; fileRef = 0FCF672D1C928344002496C5 /* LaunchScreen.storyboard */; };
/* End PBXBuildFile section */

/* Begin PBXFileReference section */
		0F3474301C9C505E00F9B136 /* ProductsTableViewController.swift */ = {isa = PBXFileReference; fileEncoding = 4; lastKnownFileType = sourcecode.swift; path = ProductsTableViewController.swift; sourceTree = "<group>"; };
		0F3474321C9C7CE800F9B136 /* Product.swift */ = {isa = PBXFileReference; fileEncoding = 4; lastKnownFileType = sourcecode.swift; path = Product.swift; sourceTree = "<group>"; };
		0FC599421C98A2D900522130 /* ProductViewController.swift */ = {isa = PBXFileReference; fileEncoding = 4; lastKnownFileType = sourcecode.swift; path = ProductViewController.swift; sourceTree = "<group>"; };
		0FC599441C98AD2100522130 /* ContactViewController.swift */ = {isa = PBXFileReference; fileEncoding = 4; lastKnownFileType = sourcecode.swift; path = ContactViewController.swift; sourceTree = "<group>"; };
		0FCF67211C928344002496C5 /* Coffee Know.app */ = {isa = PBXFileReference; explicitFileType = wrapper.application; includeInIndex = 0; path = "Coffee Know.app"; sourceTree = BUILT_PRODUCTS_DIR; };
		0FCF67241C928344002496C5 /* AppDelegate.swift */ = {isa = PBXFileReference; lastKnownFileType = sourcecode.swift; path = AppDelegate.swift; sourceTree = "<group>"; };
		0FCF67291C928344002496C5 /* Base */ = {isa = PBXFileReference; lastKnownFileType = file.storyboard; name = Base; path = Base.lproj/Main.storyboard; sourceTree = "<group>"; };
		0FCF672B1C928344002496C5 /* Assets.xcassets */ = {isa = PBXFileReference; lastKnownFileType = folder.assetcatalog; path = Assets.xcassets; sourceTree = "<group>"; };
		0FCF672E1C928344002496C5 /* Base */ = {isa = PBXFileReference; lastKnownFileType = file.storyboard; name = Base; path = Base.lproj/LaunchScreen.storyboard; sourceTree = "<group>"; };
		0FCF67301C928344002496C5 /* Info.plist */ = {isa = PBXFileReference; lastKnownFileType = text.plist.xml; path = Info.plist; sourceTree = "<group>"; };
/* End PBXFileReference section */

/* Begin PBXFrameworksBuildPhase section */
		0FCF671E1C928344002496C5 /* Frameworks */ = {
			isa = PBXFrameworksBuildPhase;
			buildActionMask = 2147483647;
			files = (
			);
			runOnlyForDeploymentPostprocessing = 0;
		};
/* End PBXFrameworksBuildPhase section */

/* Begin PBXGroup section */
		0FCF67181C928344002496C5 = {
			isa = PBXGroup;
			children = (
				0FCF67231C928344002496C5 /* Coffee Know */,
				0FCF67221C928344002496C5 /* Products */,
			);
			sourceTree = "<group>";
		};
		0FCF67221C928344002496C5 /* Products */ = {
			isa = PBXGroup;
			children = (
				0FCF67211C928344002496C5 /* Coffee Know.app */,
			);
			name = Products;
			sourceTree = "<group>";
		};
		0FCF67231C928344002496C5 /* Coffee Know */ = {
			isa = PBXGroup;
			children = (
				0FCF67241C928344002496C5 /* AppDelegate.swift */,
				0FCF67281C928344002496C5 /* Main.storyboard */,
				0FCF672B1C928344002496C5 /* Assets.xcassets */,
				0FCF672D1C928344002496C5 /* LaunchScreen.storyboard */,
				0FCF67301C928344002496C5 /* Info.plist */,
				0FC599421C98A2D900522130 /* ProductViewController.swift */,
				0FC599441C98AD2100522130 /* ContactViewController.swift */,
				0F3474301C9C505E00F9B136 /* ProductsTableViewController.swift */,
				0F3474321C9C7CE800F9B136 /* Product.swift */,
			);
			path = "Coffee Know";
			sourceTree = "<group>";
		};
/* End PBXGroup section */

/* Begin PBXNativeTarget section */
		0FCF67201C928344002496C5 /* Coffee Know */ = {
			isa = PBXNativeTarget;
			buildConfigurationList = 0FCF67331C928344002496C5 /* Build configuration list for PBXNativeTarget "Coffee Know" */;
			buildPhases = (
				0FCF671D1C928344002496C5 /* Sources */,
				0FCF671E1C928344002496C5 /* Frameworks */,
				0FCF671F1C928344002496C5 /* Resources */,
			);
			buildRules = (
			);
			dependencies = (
			);
			name = "Coffee Know";
			productName = "Coffee Know";
			productReference = 0FCF67211C928344002496C5 /* Coffee Know.app */;
			productType = "com.apple.product-type.application";
		};
/* End PBXNativeTarget section */

/* Begin PBXProject section */
		0FCF67191C928344002496C5 /* Project object */ = {
			isa = PBXProject;
			attributes = {
				LastSwiftUpdateCheck = 0720;
				LastUpgradeCheck = 0720;
				ORGANIZATIONNAME = Flippatron;
				TargetAttributes = {
					0FCF67201C928344002496C5 = {
						CreatedOnToolsVersion = 7.2.1;
					};
				};
			};
			buildConfigurationList = 0FCF671C1C928344002496C5 /* Build configuration list for PBXProject "Coffee Know" */;
			compatibilityVersion = "Xcode 3.2";
			developmentRegion = English;
			hasScannedForEncodings = 0;
			knownRegions = (
				en,
				Base,
			);
			mainGroup = 0FCF67181C928344002496C5;
			productRefGroup = 0FCF67221C928344002496C5 /* Products */;
			projectDirPath = "";
			projectRoot = "";
			targets = (
				0FCF67201C928344002496C5 /* Coffee Know */,
			);
		};
/* End PBXProject section */

/* Begin PBXResourcesBuildPhase section */
		0FCF671F1C928344002496C5 /* Resources */ = {
			isa = PBXResourcesBuildPhase;
			buildActionMask = 2147483647;
			files = (
				0FCF672F1C928344002496C5 /* LaunchScreen.storyboard in Resources */,
				0FCF672C1C928344002496C5 /* Assets.xcassets in Resources */,
				0FCF672A1C928344002496C5 /* Main.storyboard in Resources */,
			);
			runOnlyForDeploymentPostprocessing = 0;
		};
/* End PBXResourcesBuildPhase section */

/* Begin PBXSourcesBuildPhase section */
		0FCF671D1C928344002496C5 /* Sources */ = {
			isa = PBXSourcesBuildPhase;
			buildActionMask = 2147483647;
			files = (
				0FC599431C98A2D900522130 /* ProductViewController.swift in Sources */,
				0F3474311C9C505E00F9B136 /* ProductsTableViewController.swift in Sources */,
				0F3474331C9C7CE800F9B136 /* Product.swift in Sources */,
				0FCF67251C928344002496C5 /* AppDelegate.swift in Sources */,
				0FC599451C98AD2100522130 /* ContactViewController.swift in Sources */,
			);
			runOnlyForDeploymentPostprocessing = 0;
		};
/* End PBXSourcesBuildPhase section */

/* Begin PBXVariantGroup section */
		0FCF67281C928344002496C5 /* Main.storyboard */ = {
			isa = PBXVariantGroup;
			children = (
				0FCF67291C928344002496C5 /* Base */,
			);
			name = Main.storyboard;
			sourceTree = "<group>";
		};
		0FCF672D1C928344002496C5 /* LaunchScreen.storyboard */ = {
			isa = PBXVariantGroup;
			children = (
				0FCF672E1C928344002496C5 /* Base */,
			);
			name = LaunchScreen.storyboard;
			sourceTree = "<group>";
		};
/* End PBXVariantGroup section */

/* Begin XCBuildConfiguration section */
		0FCF67311C928344002496C5 /* Debug */ = {
			isa = XCBuildConfiguration;
			buildSettings = {
				ALWAYS_SEARCH_USER_PATHS = NO;
				CLANG_CXX_LANGUAGE_STANDARD = "gnu++0x";
				CLANG_CXX_LIBRARY = "libc++";
				CLANG_ENABLE_MODULES = YES;
				CLANG_ENABLE_OBJC_ARC = YES;
				CLANG_WARN_BOOL_CONVERSION = YES;
				CLANG_WARN_CONSTANT_CONVERSION = YES;
				CLANG_WARN_DIRECT_OBJC_ISA_USAGE = YES_ERROR;
				CLANG_WARN_EMPTY_BODY = YES;
				CLANG_WARN_ENUM_CONVERSION = YES;
				CLANG_WARN_INT_CONVERSION = YES;
				CLANG_WARN_OBJC_ROOT_CLASS = YES_ERROR;
				CLANG_WARN_UNREACHABLE_CODE = YES;
				CLANG_WARN__DUPLICATE_METHOD_MATCH = YES;
				"CODE_SIGN_IDENTITY[sdk=iphoneos*]" = "iPhone Developer";
				COPY_PHASE_STRIP = NO;
				DEBUG_INFORMATION_FORMAT = dwarf;
				ENABLE_STRICT_OBJC_MSGSEND = YES;
				ENABLE_TESTABILITY = YES;
				GCC_C_LANGUAGE_STANDARD = gnu99;
				GCC_DYNAMIC_NO_PIC = NO;
				GCC_NO_COMMON_BLOCKS = YES;
				GCC_OPTIMIZATION_LEVEL = 0;
				GCC_PREPROCESSOR_DEFINITIONS = (
					"DEBUG=1",
					"$(inherited)",
				);
				GCC_WARN_64_TO_32_BIT_CONVERSION = YES;
				GCC_WARN_ABOUT_RETURN_TYPE = YES_ERROR;
				GCC_WARN_UNDECLARED_SELECTOR = YES;
				GCC_WARN_UNINITIALIZED_AUTOS = YES_AGGRESSIVE;
				GCC_WARN_UNUSED_FUNCTION = YES;
				GCC_WARN_UNUSED_VARIABLE = YES;
				IPHONEOS_DEPLOYMENT_TARGET = 9.2;
				MTL_ENABLE_DEBUG_INFO = YES;
				ONLY_ACTIVE_ARCH = YES;
				SDKROOT = iphoneos;
				SWIFT_OPTIMIZATION_LEVEL = "-Onone";
			};
			name = Debug;
		};
		0FCF67321C928344002496C5 /* Release */ = {
			isa = XCBuildConfiguration;
			buildSettings = {
				ALWAYS_SEARCH_USER_PATHS = NO;
				CLANG_CXX_LANGUAGE_STANDARD = "gnu++0x";
				CLANG_CXX_LIBRARY = "libc++";
				CLANG_ENABLE_MODULES = YES;
				CLANG_ENABLE_OBJC_ARC = YES;
				CLANG_WARN_BOOL_CONVERSION = YES;
				CLANG_WARN_CONSTANT_CONVERSION = YES;
				CLANG_WARN_DIRECT_OBJC_ISA_USAGE = YES_ERROR;
				CLANG_WARN_EMPTY_BODY = YES;
				CLANG_WARN_ENUM_CONVERSION = YES;
				CLANG_WARN_INT_CONVERSION = YES;
				CLANG_WARN_OBJC_ROOT_CLASS = YES_ERROR;
				CLANG_WARN_UNREACHABLE_CODE = YES;
				CLANG_WARN__DUPLICATE_METHOD_MATCH = YES;
				"CODE_SIGN_IDENTITY[sdk=iphoneos*]" = "iPhone Developer";
				COPY_PHASE_STRIP = NO;
				DEBUG_INFORMATION_FORMAT = "dwarf-with-dsym";
				ENABLE_NS_ASSERTIONS = NO;
				ENABLE_STRICT_OBJC_MSGSEND = YES;
				GCC_C_LANGUAGE_STANDARD = gnu99;
				GCC_NO_COMMON_BLOCKS = YES;
				GCC_WARN_64_TO_32_BIT_CONVERSION = YES;
				GCC_WARN_ABOUT_RETURN_TYPE = YES_ERROR;
				GCC_WARN_UNDECLARED_SELECTOR = YES;
				GCC_WARN_UNINITIALIZED_AUTOS = YES_AGGRESSIVE;
				GCC_WARN_UNUSED_FUNCTION = YES;
				GCC_WARN_UNUSED_VARIABLE = YES;
				IPHONEOS_DEPLOYMENT_TARGET = 9.2;
				MTL_ENABLE_DEBUG_INFO = NO;
				SDKROOT = iphoneos;
				VALIDATE_PRODUCT = YES;
			};
			name = Release;
		};
		0FCF67341C928344002496C5 /* Debug */ = {
			isa = XCBuildConfiguration;
			buildSettings = {
				ASSETCATALOG_COMPILER_APPICON_NAME = AppIcon;
				INFOPLIST_FILE = "Coffee Know/Info.plist";
				LD_RUNPATH_SEARCH_PATHS = "$(inherited) @executable_path/Frameworks";
				PRODUCT_BUNDLE_IDENTIFIER = "com.Flippatron.Coffee-Know";
				PRODUCT_NAME = "$(TARGET_NAME)";
			};
			name = Debug;
		};
		0FCF67351C928344002496C5 /* Release */ = {
			isa = XCBuildConfiguration;
			buildSettings = {
				ASSETCATALOG_COMPILER_APPICON_NAME = AppIcon;
				INFOPLIST_FILE = "Coffee Know/Info.plist";
				LD_RUNPATH_SEARCH_PATHS = "$(inherited) @executable_path/Frameworks";
				PRODUCT_BUNDLE_IDENTIFIER = "com.Flippatron.Coffee-Know";
				PRODUCT_NAME = "$(TARGET_NAME)";
			};
			name = Release;
		};
/* End XCBuildConfiguration section */

/* Begin XCConfigurationList section */
		0FCF671C1C928344002496C5 /* Build configuration list for PBXProject "Coffee Know" */ = {
			isa = XCConfigurationList;
			buildConfigurations = (
				0FCF67311C928344002496C5 /* Debug */,
				0FCF67321C928344002496C5 /* Release */,
			);
			defaultConfigurationIsVisible = 0;
			defaultConfigurationName = Release;
		};
		0FCF67331C928344002496C5 /* Build configuration list for PBXNativeTarget "Coffee Know" */ = {
			isa = XCConfigurationList;
			buildConfigurations = (
				0FCF67341C928344002496C5 /* Debug */,
				0FCF67351C928344002496C5 /* Release */,
			);
			defaultConfigurationIsVisible = 0;
			defaultConfigurationName = Release;
		};
/* End XCConfigurationList section */
	};
	rootObject = 0FCF67191C928344002496C5 /* Project object */;
}
